// !$*UTF8*$!
{
	archiveVersion = 1;
	classes = {
	};
	objectVersion = 46;
	objects = {

/* Begin PBXBuildFile section */
		3932FBD63DACAD6ED7BF7C1E /* Pods_LearningRxSwiftTests.framework in Frameworks */ = {isa = PBXBuildFile; fileRef = 9EB19CD766625167B88A1D6F /* Pods_LearningRxSwiftTests.framework */; };
		5644BC591E6D41740083C417 /* CircleViewController.swift in Sources */ = {isa = PBXBuildFile; fileRef = 5644BC581E6D41740083C417 /* CircleViewController.swift */; };
		5644BC5B1E6D419F0083C417 /* CircleViewModel.swift in Sources */ = {isa = PBXBuildFile; fileRef = 5644BC5A1E6D419F0083C417 /* CircleViewModel.swift */; };
		5644BC5E1E6D67DC0083C417 /* LoginViewController.swift in Sources */ = {isa = PBXBuildFile; fileRef = 5644BC5D1E6D67DC0083C417 /* LoginViewController.swift */; };
		5644BC601E6D67F60083C417 /* LoginViewModel.swift in Sources */ = {isa = PBXBuildFile; fileRef = 5644BC5F1E6D67F60083C417 /* LoginViewModel.swift */; };
		565278031E6C094400C7CA17 /* AppDelegate.swift in Sources */ = {isa = PBXBuildFile; fileRef = 565278021E6C094400C7CA17 /* AppDelegate.swift */; };
		565278051E6C094400C7CA17 /* ViewController.swift in Sources */ = {isa = PBXBuildFile; fileRef = 565278041E6C094400C7CA17 /* ViewController.swift */; };
		565278081E6C094400C7CA17 /* Main.storyboard in Resources */ = {isa = PBXBuildFile; fileRef = 565278061E6C094400C7CA17 /* Main.storyboard */; };
		5652780A1E6C094400C7CA17 /* Assets.xcassets in Resources */ = {isa = PBXBuildFile; fileRef = 565278091E6C094400C7CA17 /* Assets.xcassets */; };
		5652780D1E6C094400C7CA17 /* LaunchScreen.storyboard in Resources */ = {isa = PBXBuildFile; fileRef = 5652780B1E6C094400C7CA17 /* LaunchScreen.storyboard */; };
		565278181E6C094500C7CA17 /* LearningRxSwiftTests.swift in Sources */ = {isa = PBXBuildFile; fileRef = 565278171E6C094500C7CA17 /* LearningRxSwiftTests.swift */; };
		565278231E6C094500C7CA17 /* LearningRxSwiftUITests.swift in Sources */ = {isa = PBXBuildFile; fileRef = 565278221E6C094500C7CA17 /* LearningRxSwiftUITests.swift */; };
		566C066B1E7568E300F212A2 /* ActivityIndicator.swift in Sources */ = {isa = PBXBuildFile; fileRef = 566C066A1E7568E300F212A2 /* ActivityIndicator.swift */; };
		569200701E76CF3A00E1EAE1 /* Httpclient.swift in Sources */ = {isa = PBXBuildFile; fileRef = 5692006F1E76CF3A00E1EAE1 /* Httpclient.swift */; };
		57375BF4482192A515483ABE /* Pods_LearningRxSwift.framework in Frameworks */ = {isa = PBXBuildFile; fileRef = A6B08CD25E494C0FCE9AFEB4 /* Pods_LearningRxSwift.framework */; };
		F856BC057EF9A162F3650EC4 /* Pods_LearningRxSwiftUITests.framework in Frameworks */ = {isa = PBXBuildFile; fileRef = 518C4ED7A1E75BBF4934DB19 /* Pods_LearningRxSwiftUITests.framework */; };
/* End PBXBuildFile section */

/* Begin PBXContainerItemProxy section */
		565278141E6C094500C7CA17 /* PBXContainerItemProxy */ = {
			isa = PBXContainerItemProxy;
			containerPortal = 565277F71E6C094400C7CA17 /* Project object */;
			proxyType = 1;
			remoteGlobalIDString = 565277FE1E6C094400C7CA17;
			remoteInfo = LearningRxSwift;
		};
		5652781F1E6C094500C7CA17 /* PBXContainerItemProxy */ = {
			isa = PBXContainerItemProxy;
			containerPortal = 565277F71E6C094400C7CA17 /* Project object */;
			proxyType = 1;
			remoteGlobalIDString = 565277FE1E6C094400C7CA17;
			remoteInfo = LearningRxSwift;
		};
/* End PBXContainerItemProxy section */

/* Begin PBXFileReference section */
		32607BC6944C0E69A32EDED7 /* Pods-LearningRxSwiftUITests.release.xcconfig */ = {isa = PBXFileReference; includeInIndex = 1; lastKnownFileType = text.xcconfig; name = "Pods-LearningRxSwiftUITests.release.xcconfig"; path = "Pods/Target Support Files/Pods-LearningRxSwiftUITests/Pods-LearningRxSwiftUITests.release.xcconfig"; sourceTree = "<group>"; };
		518C4ED7A1E75BBF4934DB19 /* Pods_LearningRxSwiftUITests.framework */ = {isa = PBXFileReference; explicitFileType = wrapper.framework; includeInIndex = 0; path = Pods_LearningRxSwiftUITests.framework; sourceTree = BUILT_PRODUCTS_DIR; };
		5644BC581E6D41740083C417 /* CircleViewController.swift */ = {isa = PBXFileReference; fileEncoding = 4; lastKnownFileType = sourcecode.swift; path = CircleViewController.swift; sourceTree = "<group>"; };
		5644BC5A1E6D419F0083C417 /* CircleViewModel.swift */ = {isa = PBXFileReference; fileEncoding = 4; lastKnownFileType = sourcecode.swift; path = CircleViewModel.swift; sourceTree = "<group>"; };
		5644BC5D1E6D67DC0083C417 /* LoginViewController.swift */ = {isa = PBXFileReference; fileEncoding = 4; lastKnownFileType = sourcecode.swift; path = LoginViewController.swift; sourceTree = "<group>"; };
		5644BC5F1E6D67F60083C417 /* LoginViewModel.swift */ = {isa = PBXFileReference; fileEncoding = 4; lastKnownFileType = sourcecode.swift; path = LoginViewModel.swift; sourceTree = "<group>"; };
		565277FF1E6C094400C7CA17 /* LearningRxSwift.app */ = {isa = PBXFileReference; explicitFileType = wrapper.application; includeInIndex = 0; path = LearningRxSwift.app; sourceTree = BUILT_PRODUCTS_DIR; };
		565278021E6C094400C7CA17 /* AppDelegate.swift */ = {isa = PBXFileReference; lastKnownFileType = sourcecode.swift; path = AppDelegate.swift; sourceTree = "<group>"; };
		565278041E6C094400C7CA17 /* ViewController.swift */ = {isa = PBXFileReference; lastKnownFileType = sourcecode.swift; path = ViewController.swift; sourceTree = "<group>"; };
		565278071E6C094400C7CA17 /* Base */ = {isa = PBXFileReference; lastKnownFileType = file.storyboard; name = Base; path = Base.lproj/Main.storyboard; sourceTree = "<group>"; };
		565278091E6C094400C7CA17 /* Assets.xcassets */ = {isa = PBXFileReference; lastKnownFileType = folder.assetcatalog; path = Assets.xcassets; sourceTree = "<group>"; };
		5652780C1E6C094400C7CA17 /* Base */ = {isa = PBXFileReference; lastKnownFileType = file.storyboard; name = Base; path = Base.lproj/LaunchScreen.storyboard; sourceTree = "<group>"; };
		5652780E1E6C094400C7CA17 /* Info.plist */ = {isa = PBXFileReference; lastKnownFileType = text.plist.xml; path = Info.plist; sourceTree = "<group>"; };
		565278131E6C094500C7CA17 /* LearningRxSwiftTests.xctest */ = {isa = PBXFileReference; explicitFileType = wrapper.cfbundle; includeInIndex = 0; path = LearningRxSwiftTests.xctest; sourceTree = BUILT_PRODUCTS_DIR; };
		565278171E6C094500C7CA17 /* LearningRxSwiftTests.swift */ = {isa = PBXFileReference; lastKnownFileType = sourcecode.swift; path = LearningRxSwiftTests.swift; sourceTree = "<group>"; };
		565278191E6C094500C7CA17 /* Info.plist */ = {isa = PBXFileReference; lastKnownFileType = text.plist.xml; path = Info.plist; sourceTree = "<group>"; };
		5652781E1E6C094500C7CA17 /* LearningRxSwiftUITests.xctest */ = {isa = PBXFileReference; explicitFileType = wrapper.cfbundle; includeInIndex = 0; path = LearningRxSwiftUITests.xctest; sourceTree = BUILT_PRODUCTS_DIR; };
		565278221E6C094500C7CA17 /* LearningRxSwiftUITests.swift */ = {isa = PBXFileReference; lastKnownFileType = sourcecode.swift; path = LearningRxSwiftUITests.swift; sourceTree = "<group>"; };
		565278241E6C094500C7CA17 /* Info.plist */ = {isa = PBXFileReference; lastKnownFileType = text.plist.xml; path = Info.plist; sourceTree = "<group>"; };
		566C066A1E7568E300F212A2 /* ActivityIndicator.swift */ = {isa = PBXFileReference; fileEncoding = 4; lastKnownFileType = sourcecode.swift; path = ActivityIndicator.swift; sourceTree = "<group>"; };
		5692006F1E76CF3A00E1EAE1 /* Httpclient.swift */ = {isa = PBXFileReference; fileEncoding = 4; lastKnownFileType = sourcecode.swift; path = Httpclient.swift; sourceTree = "<group>"; };
		5DA3A626225DDDBA2789A235 /* Pods-LearningRxSwiftUITests.debug.xcconfig */ = {isa = PBXFileReference; includeInIndex = 1; lastKnownFileType = text.xcconfig; name = "Pods-LearningRxSwiftUITests.debug.xcconfig"; path = "Pods/Target Support Files/Pods-LearningRxSwiftUITests/Pods-LearningRxSwiftUITests.debug.xcconfig"; sourceTree = "<group>"; };
		71D44AEE565CB61A0ED74FA1 /* Pods-LearningRxSwift.release.xcconfig */ = {isa = PBXFileReference; includeInIndex = 1; lastKnownFileType = text.xcconfig; name = "Pods-LearningRxSwift.release.xcconfig"; path = "Pods/Target Support Files/Pods-LearningRxSwift/Pods-LearningRxSwift.release.xcconfig"; sourceTree = "<group>"; };
		9EB19CD766625167B88A1D6F /* Pods_LearningRxSwiftTests.framework */ = {isa = PBXFileReference; explicitFileType = wrapper.framework; includeInIndex = 0; path = Pods_LearningRxSwiftTests.framework; sourceTree = BUILT_PRODUCTS_DIR; };
		A6B08CD25E494C0FCE9AFEB4 /* Pods_LearningRxSwift.framework */ = {isa = PBXFileReference; explicitFileType = wrapper.framework; includeInIndex = 0; path = Pods_LearningRxSwift.framework; sourceTree = BUILT_PRODUCTS_DIR; };
		CD4993AFDC7825E90D445CEA /* Pods-LearningRxSwiftTests.debug.xcconfig */ = {isa = PBXFileReference; includeInIndex = 1; lastKnownFileType = text.xcconfig; name = "Pods-LearningRxSwiftTests.debug.xcconfig"; path = "Pods/Target Support Files/Pods-LearningRxSwiftTests/Pods-LearningRxSwiftTests.debug.xcconfig"; sourceTree = "<group>"; };
		EA6AE795CE27BDA427AE6053 /* Pods-LearningRxSwift.debug.xcconfig */ = {isa = PBXFileReference; includeInIndex = 1; lastKnownFileType = text.xcconfig; name = "Pods-LearningRxSwift.debug.xcconfig"; path = "Pods/Target Support Files/Pods-LearningRxSwift/Pods-LearningRxSwift.debug.xcconfig"; sourceTree = "<group>"; };
		F48D4E130C8594526D86E8CA /* Pods-LearningRxSwiftTests.release.xcconfig */ = {isa = PBXFileReference; includeInIndex = 1; lastKnownFileType = text.xcconfig; name = "Pods-LearningRxSwiftTests.release.xcconfig"; path = "Pods/Target Support Files/Pods-LearningRxSwiftTests/Pods-LearningRxSwiftTests.release.xcconfig"; sourceTree = "<group>"; };
/* End PBXFileReference section */

/* Begin PBXFrameworksBuildPhase section */
		565277FC1E6C094400C7CA17 /* Frameworks */ = {
			isa = PBXFrameworksBuildPhase;
			buildActionMask = 2147483647;
			files = (
				57375BF4482192A515483ABE /* Pods_LearningRxSwift.framework in Frameworks */,
			);
			runOnlyForDeploymentPostprocessing = 0;
		};
		565278101E6C094500C7CA17 /* Frameworks */ = {
			isa = PBXFrameworksBuildPhase;
			buildActionMask = 2147483647;
			files = (
				3932FBD63DACAD6ED7BF7C1E /* Pods_LearningRxSwiftTests.framework in Frameworks */,
			);
			runOnlyForDeploymentPostprocessing = 0;
		};
		5652781B1E6C094500C7CA17 /* Frameworks */ = {
			isa = PBXFrameworksBuildPhase;
			buildActionMask = 2147483647;
			files = (
				F856BC057EF9A162F3650EC4 /* Pods_LearningRxSwiftUITests.framework in Frameworks */,
			);
			runOnlyForDeploymentPostprocessing = 0;
		};
/* End PBXFrameworksBuildPhase section */

/* Begin PBXGroup section */
		5644BC571E6D41460083C417 /* Circle view */ = {
			isa = PBXGroup;
			children = (
				5644BC581E6D41740083C417 /* CircleViewController.swift */,
				5644BC5A1E6D419F0083C417 /* CircleViewModel.swift */,
			);
			name = "Circle view";
			sourceTree = "<group>";
		};
		5644BC5C1E6D66160083C417 /* Login */ = {
			isa = PBXGroup;
			children = (
				5644BC5D1E6D67DC0083C417 /* LoginViewController.swift */,
				5644BC5F1E6D67F60083C417 /* LoginViewModel.swift */,
				566C066A1E7568E300F212A2 /* ActivityIndicator.swift */,
			);
			name = Login;
			sourceTree = "<group>";
		};
		5644BC611E6D84680083C417 /* table view */ = {
			isa = PBXGroup;
			children = (
				565278041E6C094400C7CA17 /* ViewController.swift */,
			);
			name = "table view";
			sourceTree = "<group>";
		};
		5644BC631E6DA2290083C417 /* Networking */ = {
			isa = PBXGroup;
			children = (
				5692006F1E76CF3A00E1EAE1 /* Httpclient.swift */,
			);
			path = Networking;
			sourceTree = "<group>";
		};
		565277F61E6C094400C7CA17 = {
			isa = PBXGroup;
			children = (
				565278011E6C094400C7CA17 /* LearningRxSwift */,
				565278161E6C094500C7CA17 /* LearningRxSwiftTests */,
				565278211E6C094500C7CA17 /* LearningRxSwiftUITests */,
				565278001E6C094400C7CA17 /* Products */,
				847DC55CA4E4DD28CB648612 /* Pods */,
				ECB0ED02DB2A31C29075ED36 /* Frameworks */,
			);
			sourceTree = "<group>";
		};
		565278001E6C094400C7CA17 /* Products */ = {
			isa = PBXGroup;
			children = (
				565277FF1E6C094400C7CA17 /* LearningRxSwift.app */,
				565278131E6C094500C7CA17 /* LearningRxSwiftTests.xctest */,
				5652781E1E6C094500C7CA17 /* LearningRxSwiftUITests.xctest */,
			);
			name = Products;
			sourceTree = "<group>";
		};
		565278011E6C094400C7CA17 /* LearningRxSwift */ = {
			isa = PBXGroup;
			children = (
				5644BC631E6DA2290083C417 /* Networking */,
				5644BC611E6D84680083C417 /* table view */,
				5644BC571E6D41460083C417 /* Circle view */,
				5644BC5C1E6D66160083C417 /* Login */,
				565278021E6C094400C7CA17 /* AppDelegate.swift */,
				565278061E6C094400C7CA17 /* Main.storyboard */,
				565278091E6C094400C7CA17 /* Assets.xcassets */,
				5652780B1E6C094400C7CA17 /* LaunchScreen.storyboard */,
				5652780E1E6C094400C7CA17 /* Info.plist */,
			);
			path = LearningRxSwift;
			sourceTree = "<group>";
		};
		565278161E6C094500C7CA17 /* LearningRxSwiftTests */ = {
			isa = PBXGroup;
			children = (
				565278171E6C094500C7CA17 /* LearningRxSwiftTests.swift */,
				565278191E6C094500C7CA17 /* Info.plist */,
			);
			path = LearningRxSwiftTests;
			sourceTree = "<group>";
		};
		565278211E6C094500C7CA17 /* LearningRxSwiftUITests */ = {
			isa = PBXGroup;
			children = (
				565278221E6C094500C7CA17 /* LearningRxSwiftUITests.swift */,
				565278241E6C094500C7CA17 /* Info.plist */,
			);
			path = LearningRxSwiftUITests;
			sourceTree = "<group>";
		};
		847DC55CA4E4DD28CB648612 /* Pods */ = {
			isa = PBXGroup;
			children = (
				EA6AE795CE27BDA427AE6053 /* Pods-LearningRxSwift.debug.xcconfig */,
				71D44AEE565CB61A0ED74FA1 /* Pods-LearningRxSwift.release.xcconfig */,
				CD4993AFDC7825E90D445CEA /* Pods-LearningRxSwiftTests.debug.xcconfig */,
				F48D4E130C8594526D86E8CA /* Pods-LearningRxSwiftTests.release.xcconfig */,
				5DA3A626225DDDBA2789A235 /* Pods-LearningRxSwiftUITests.debug.xcconfig */,
				32607BC6944C0E69A32EDED7 /* Pods-LearningRxSwiftUITests.release.xcconfig */,
			);
			name = Pods;
			sourceTree = "<group>";
		};
		ECB0ED02DB2A31C29075ED36 /* Frameworks */ = {
			isa = PBXGroup;
			children = (
				A6B08CD25E494C0FCE9AFEB4 /* Pods_LearningRxSwift.framework */,
				9EB19CD766625167B88A1D6F /* Pods_LearningRxSwiftTests.framework */,
				518C4ED7A1E75BBF4934DB19 /* Pods_LearningRxSwiftUITests.framework */,
			);
			name = Frameworks;
			sourceTree = "<group>";
		};
/* End PBXGroup section */

/* Begin PBXNativeTarget section */
		565277FE1E6C094400C7CA17 /* LearningRxSwift */ = {
			isa = PBXNativeTarget;
			buildConfigurationList = 565278271E6C094500C7CA17 /* Build configuration list for PBXNativeTarget "LearningRxSwift" */;
			buildPhases = (
				7557A3DDD219CF906F01094D /* [CP] Check Pods Manifest.lock */,
				565277FB1E6C094400C7CA17 /* Sources */,
				565277FC1E6C094400C7CA17 /* Frameworks */,
				565277FD1E6C094400C7CA17 /* Resources */,
				3A3D0253B1BBEC8F44B436E4 /* [CP] Embed Pods Frameworks */,
				2C0227528B9E604BA72F7C2D /* [CP] Copy Pods Resources */,
			);
			buildRules = (
			);
			dependencies = (
			);
			name = LearningRxSwift;
			productName = LearningRxSwift;
			productReference = 565277FF1E6C094400C7CA17 /* LearningRxSwift.app */;
			productType = "com.apple.product-type.application";
		};
		565278121E6C094500C7CA17 /* LearningRxSwiftTests */ = {
			isa = PBXNativeTarget;
			buildConfigurationList = 5652782A1E6C094500C7CA17 /* Build configuration list for PBXNativeTarget "LearningRxSwiftTests" */;
			buildPhases = (
				2AA69DAC2206FEDCFE3AD655 /* [CP] Check Pods Manifest.lock */,
				5652780F1E6C094500C7CA17 /* Sources */,
				565278101E6C094500C7CA17 /* Frameworks */,
				565278111E6C094500C7CA17 /* Resources */,
				C73F5A9DDD472C8D023B4689 /* [CP] Embed Pods Frameworks */,
				AFB1ECA6225C61C9776EC1A5 /* [CP] Copy Pods Resources */,
			);
			buildRules = (
			);
			dependencies = (
				565278151E6C094500C7CA17 /* PBXTargetDependency */,
			);
			name = LearningRxSwiftTests;
			productName = LearningRxSwiftTests;
			productReference = 565278131E6C094500C7CA17 /* LearningRxSwiftTests.xctest */;
			productType = "com.apple.product-type.bundle.unit-test";
		};
		5652781D1E6C094500C7CA17 /* LearningRxSwiftUITests */ = {
			isa = PBXNativeTarget;
			buildConfigurationList = 5652782D1E6C094500C7CA17 /* Build configuration list for PBXNativeTarget "LearningRxSwiftUITests" */;
			buildPhases = (
				4B4D09F1D4EED5F6FB59383F /* [CP] Check Pods Manifest.lock */,
				5652781A1E6C094500C7CA17 /* Sources */,
				5652781B1E6C094500C7CA17 /* Frameworks */,
				5652781C1E6C094500C7CA17 /* Resources */,
				FD59E1C6530C6484ED97A9DE /* [CP] Embed Pods Frameworks */,
				D33A1B8DEA59B072FE29E06B /* [CP] Copy Pods Resources */,
			);
			buildRules = (
			);
			dependencies = (
				565278201E6C094500C7CA17 /* PBXTargetDependency */,
			);
			name = LearningRxSwiftUITests;
			productName = LearningRxSwiftUITests;
			productReference = 5652781E1E6C094500C7CA17 /* LearningRxSwiftUITests.xctest */;
			productType = "com.apple.product-type.bundle.ui-testing";
		};
/* End PBXNativeTarget section */

/* Begin PBXProject section */
		565277F71E6C094400C7CA17 /* Project object */ = {
			isa = PBXProject;
			attributes = {
				LastSwiftUpdateCheck = 0820;
				LastUpgradeCheck = 0820;
				ORGANIZATIONNAME = Marian;
				TargetAttributes = {
					565277FE1E6C094400C7CA17 = {
						CreatedOnToolsVersion = 8.2.1;
						DevelopmentTeam = FPXNQTY99F;
						ProvisioningStyle = Automatic;
					};
					565278121E6C094500C7CA17 = {
						CreatedOnToolsVersion = 8.2.1;
						DevelopmentTeam = ER5UCCR296;
						ProvisioningStyle = Automatic;
						TestTargetID = 565277FE1E6C094400C7CA17;
					};
					5652781D1E6C094500C7CA17 = {
						CreatedOnToolsVersion = 8.2.1;
						DevelopmentTeam = ER5UCCR296;
						ProvisioningStyle = Automatic;
						TestTargetID = 565277FE1E6C094400C7CA17;
					};
				};
			};
			buildConfigurationList = 565277FA1E6C094400C7CA17 /* Build configuration list for PBXProject "LearningRxSwift" */;
			compatibilityVersion = "Xcode 3.2";
			developmentRegion = English;
			hasScannedForEncodings = 0;
			knownRegions = (
				en,
				Base,
			);
			mainGroup = 565277F61E6C094400C7CA17;
			productRefGroup = 565278001E6C094400C7CA17 /* Products */;
			projectDirPath = "";
			projectRoot = "";
			targets = (
				565277FE1E6C094400C7CA17 /* LearningRxSwift */,
				565278121E6C094500C7CA17 /* LearningRxSwiftTests */,
				5652781D1E6C094500C7CA17 /* LearningRxSwiftUITests */,
			);
		};
/* End PBXProject section */

/* Begin PBXResourcesBuildPhase section */
		565277FD1E6C094400C7CA17 /* Resources */ = {
			isa = PBXResourcesBuildPhase;
			buildActionMask = 2147483647;
			files = (
				5652780D1E6C094400C7CA17 /* LaunchScreen.storyboard in Resources */,
				5652780A1E6C094400C7CA17 /* Assets.xcassets in Resources */,
				565278081E6C094400C7CA17 /* Main.storyboard in Resources */,
			);
			runOnlyForDeploymentPostprocessing = 0;
		};
		565278111E6C094500C7CA17 /* Resources */ = {
			isa = PBXResourcesBuildPhase;
			buildActionMask = 2147483647;
			files = (
			);
			runOnlyForDeploymentPostprocessing = 0;
		};
		5652781C1E6C094500C7CA17 /* Resources */ = {
			isa = PBXResourcesBuildPhase;
			buildActionMask = 2147483647;
			files = (
			);
			runOnlyForDeploymentPostprocessing = 0;
		};
/* End PBXResourcesBuildPhase section */

/* Begin PBXShellScriptBuildPhase section */
		2AA69DAC2206FEDCFE3AD655 /* [CP] Check Pods Manifest.lock */ = {
			isa = PBXShellScriptBuildPhase;
			buildActionMask = 2147483647;
			files = (
			);
			inputPaths = (
			);
			name = "[CP] Check Pods Manifest.lock";
			outputPaths = (
			);
			runOnlyForDeploymentPostprocessing = 0;
			shellPath = /bin/sh;
			shellScript = "diff \"${PODS_ROOT}/../Podfile.lock\" \"${PODS_ROOT}/Manifest.lock\" > /dev/null\nif [ $? != 0 ] ; then\n    # print error to STDERR\n    echo \"error: The sandbox is not in sync with the Podfile.lock. Run 'pod install' or update your CocoaPods installation.\" >&2\n    exit 1\nfi\n";
			showEnvVarsInLog = 0;
		};
		2C0227528B9E604BA72F7C2D /* [CP] Copy Pods Resources */ = {
			isa = PBXShellScriptBuildPhase;
			buildActionMask = 2147483647;
			files = (
			);
			inputPaths = (
			);
			name = "[CP] Copy Pods Resources";
			outputPaths = (
			);
			runOnlyForDeploymentPostprocessing = 0;
			shellPath = /bin/sh;
			shellScript = "\"${SRCROOT}/Pods/Target Support Files/Pods-LearningRxSwift/Pods-LearningRxSwift-resources.sh\"\n";
			showEnvVarsInLog = 0;
		};
		3A3D0253B1BBEC8F44B436E4 /* [CP] Embed Pods Frameworks */ = {
			isa = PBXShellScriptBuildPhase;
			buildActionMask = 2147483647;
			files = (
			);
			inputPaths = (
			);
			name = "[CP] Embed Pods Frameworks";
			outputPaths = (
			);
			runOnlyForDeploymentPostprocessing = 0;
			shellPath = /bin/sh;
			shellScript = "\"${SRCROOT}/Pods/Target Support Files/Pods-LearningRxSwift/Pods-LearningRxSwift-frameworks.sh\"\n";
			showEnvVarsInLog = 0;
		};
		4B4D09F1D4EED5F6FB59383F /* [CP] Check Pods Manifest.lock */ = {
			isa = PBXShellScriptBuildPhase;
			buildActionMask = 2147483647;
			files = (
			);
			inputPaths = (
			);
			name = "[CP] Check Pods Manifest.lock";
			outputPaths = (
			);
			runOnlyForDeploymentPostprocessing = 0;
			shellPath = /bin/sh;
			shellScript = "diff \"${PODS_ROOT}/../Podfile.lock\" \"${PODS_ROOT}/Manifest.lock\" > /dev/null\nif [ $? != 0 ] ; then\n    # print error to STDERR\n    echo \"error: The sandbox is not in sync with the Podfile.lock. Run 'pod install' or update your CocoaPods installation.\" >&2\n    exit 1\nfi\n";
			showEnvVarsInLog = 0;
		};
		7557A3DDD219CF906F01094D /* [CP] Check Pods Manifest.lock */ = {
			isa = PBXShellScriptBuildPhase;
			buildActionMask = 2147483647;
			files = (
			);
			inputPaths = (
			);
			name = "[CP] Check Pods Manifest.lock";
			outputPaths = (
			);
			runOnlyForDeploymentPostprocessing = 0;
			shellPath = /bin/sh;
			shellScript = "diff \"${PODS_ROOT}/../Podfile.lock\" \"${PODS_ROOT}/Manifest.lock\" > /dev/null\nif [ $? != 0 ] ; then\n    # print error to STDERR\n    echo \"error: The sandbox is not in sync with the Podfile.lock. Run 'pod install' or update your CocoaPods installation.\" >&2\n    exit 1\nfi\n";
			showEnvVarsInLog = 0;
		};
		AFB1ECA6225C61C9776EC1A5 /* [CP] Copy Pods Resources */ = {
			isa = PBXShellScriptBuildPhase;
			buildActionMask = 2147483647;
			files = (
			);
			inputPaths = (
			);
			name = "[CP] Copy Pods Resources";
			outputPaths = (
			);
			runOnlyForDeploymentPostprocessing = 0;
			shellPath = /bin/sh;
			shellScript = "\"${SRCROOT}/Pods/Target Support Files/Pods-LearningRxSwiftTests/Pods-LearningRxSwiftTests-resources.sh\"\n";
			showEnvVarsInLog = 0;
		};
		C73F5A9DDD472C8D023B4689 /* [CP] Embed Pods Frameworks */ = {
			isa = PBXShellScriptBuildPhase;
			buildActionMask = 2147483647;
			files = (
			);
			inputPaths = (
			);
			name = "[CP] Embed Pods Frameworks";
			outputPaths = (
			);
			runOnlyForDeploymentPostprocessing = 0;
			shellPath = /bin/sh;
			shellScript = "\"${SRCROOT}/Pods/Target Support Files/Pods-LearningRxSwiftTests/Pods-LearningRxSwiftTests-frameworks.sh\"\n";
			showEnvVarsInLog = 0;
		};
		D33A1B8DEA59B072FE29E06B /* [CP] Copy Pods Resources */ = {
			isa = PBXShellScriptBuildPhase;
			buildActionMask = 2147483647;
			files = (
			);
			inputPaths = (
			);
			name = "[CP] Copy Pods Resources";
			outputPaths = (
			);
			runOnlyForDeploymentPostprocessing = 0;
			shellPath = /bin/sh;
			shellScript = "\"${SRCROOT}/Pods/Target Support Files/Pods-LearningRxSwiftUITests/Pods-LearningRxSwiftUITests-resources.sh\"\n";
			showEnvVarsInLog = 0;
		};
		FD59E1C6530C6484ED97A9DE /* [CP] Embed Pods Frameworks */ = {
			isa = PBXShellScriptBuildPhase;
			buildActionMask = 2147483647;
			files = (
			);
			inputPaths = (
			);
			name = "[CP] Embed Pods Frameworks";
			outputPaths = (
			);
			runOnlyForDeploymentPostprocessing = 0;
			shellPath = /bin/sh;
			shellScript = "\"${SRCROOT}/Pods/Target Support Files/Pods-LearningRxSwiftUITests/Pods-LearningRxSwiftUITests-frameworks.sh\"\n";
			showEnvVarsInLog = 0;
		};
/* End PBXShellScriptBuildPhase section */

/* Begin PBXSourcesBuildPhase section */
		565277FB1E6C094400C7CA17 /* Sources */ = {
			isa = PBXSourcesBuildPhase;
			buildActionMask = 2147483647;
			files = (
				565278051E6C094400C7CA17 /* ViewController.swift in Sources */,
				565278031E6C094400C7CA17 /* AppDelegate.swift in Sources */,
				569200701E76CF3A00E1EAE1 /* Httpclient.swift in Sources */,
				566C066B1E7568E300F212A2 /* ActivityIndicator.swift in Sources */,
				5644BC601E6D67F60083C417 /* LoginViewModel.swift in Sources */,
				5644BC5B1E6D419F0083C417 /* CircleViewModel.swift in Sources */,
				5644BC5E1E6D67DC0083C417 /* LoginViewController.swift in Sources */,
				5644BC591E6D41740083C417 /* CircleViewController.swift in Sources */,
			);
			runOnlyForDeploymentPostprocessing = 0;
		};
		5652780F1E6C094500C7CA17 /* Sources */ = {
			isa = PBXSourcesBuildPhase;
			buildActionMask = 2147483647;
			files = (
				565278181E6C094500C7CA17 /* LearningRxSwiftTests.swift in Sources */,
			);
			runOnlyForDeploymentPostprocessing = 0;
		};
		5652781A1E6C094500C7CA17 /* Sources */ = {
			isa = PBXSourcesBuildPhase;
			buildActionMask = 2147483647;
			files = (
				565278231E6C094500C7CA17 /* LearningRxSwiftUITests.swift in Sources */,
			);
			runOnlyForDeploymentPostprocessing = 0;
		};
/* End PBXSourcesBuildPhase section */

/* Begin PBXTargetDependency section */
		565278151E6C094500C7CA17 /* PBXTargetDependency */ = {
			isa = PBXTargetDependency;
			target = 565277FE1E6C094400C7CA17 /* LearningRxSwift */;
			targetProxy = 565278141E6C094500C7CA17 /* PBXContainerItemProxy */;
		};
		565278201E6C094500C7CA17 /* PBXTargetDependency */ = {
			isa = PBXTargetDependency;
			target = 565277FE1E6C094400C7CA17 /* LearningRxSwift */;
			targetProxy = 5652781F1E6C094500C7CA17 /* PBXContainerItemProxy */;
		};
/* End PBXTargetDependency section */

/* Begin PBXVariantGroup section */
		565278061E6C094400C7CA17 /* Main.storyboard */ = {
			isa = PBXVariantGroup;
			children = (
				565278071E6C094400C7CA17 /* Base */,
			);
			name = Main.storyboard;
			sourceTree = "<group>";
		};
		5652780B1E6C094400C7CA17 /* LaunchScreen.storyboard */ = {
			isa = PBXVariantGroup;
			children = (
				5652780C1E6C094400C7CA17 /* Base */,
			);
			name = LaunchScreen.storyboard;
			sourceTree = "<group>";
		};
/* End PBXVariantGroup section */

/* Begin XCBuildConfiguration section */
		565278251E6C094500C7CA17 /* Debug */ = {
			isa = XCBuildConfiguration;
			buildSettings = {
				ALWAYS_SEARCH_USER_PATHS = NO;
				CLANG_ANALYZER_NONNULL = YES;
				CLANG_CXX_LANGUAGE_STANDARD = "gnu++0x";
				CLANG_CXX_LIBRARY = "libc++";
				CLANG_ENABLE_MODULES = YES;
				CLANG_ENABLE_OBJC_ARC = YES;
				CLANG_WARN_BOOL_CONVERSION = YES;
				CLANG_WARN_CONSTANT_CONVERSION = YES;
				CLANG_WARN_DIRECT_OBJC_ISA_USAGE = YES_ERROR;
				CLANG_WARN_DOCUMENTATION_COMMENTS = YES;
				CLANG_WARN_EMPTY_BODY = YES;
				CLANG_WARN_ENUM_CONVERSION = YES;
				CLANG_WARN_INFINITE_RECURSION = YES;
				CLANG_WARN_INT_CONVERSION = YES;
				CLANG_WARN_OBJC_ROOT_CLASS = YES_ERROR;
				CLANG_WARN_SUSPICIOUS_MOVE = YES;
				CLANG_WARN_UNREACHABLE_CODE = YES;
				CLANG_WARN__DUPLICATE_METHOD_MATCH = YES;
				"CODE_SIGN_IDENTITY[sdk=iphoneos*]" = "iPhone Developer";
				COPY_PHASE_STRIP = NO;
				DEBUG_INFORMATION_FORMAT = dwarf;
				ENABLE_STRICT_OBJC_MSGSEND = YES;
				ENABLE_TESTABILITY = YES;
				GCC_C_LANGUAGE_STANDARD = gnu99;
				GCC_DYNAMIC_NO_PIC = NO;
				GCC_NO_COMMON_BLOCKS = YES;
				GCC_OPTIMIZATION_LEVEL = 0;
				GCC_PREPROCESSOR_DEFINITIONS = (
					"DEBUG=1",
					"$(inherited)",
				);
				GCC_WARN_64_TO_32_BIT_CONVERSION = YES;
				GCC_WARN_ABOUT_RETURN_TYPE = YES_ERROR;
				GCC_WARN_UNDECLARED_SELECTOR = YES;
				GCC_WARN_UNINITIALIZED_AUTOS = YES_AGGRESSIVE;
				GCC_WARN_UNUSED_FUNCTION = YES;
				GCC_WARN_UNUSED_VARIABLE = YES;
				IPHONEOS_DEPLOYMENT_TARGET = 10.2;
				MTL_ENABLE_DEBUG_INFO = YES;
				ONLY_ACTIVE_ARCH = YES;
				SDKROOT = iphoneos;
				SWIFT_ACTIVE_COMPILATION_CONDITIONS = DEBUG;
				SWIFT_OPTIMIZATION_LEVEL = "-Onone";
			};
			name = Debug;
		};
		565278261E6C094500C7CA17 /* Release */ = {
			isa = XCBuildConfiguration;
			buildSettings = {
				ALWAYS_SEARCH_USER_PATHS = NO;
				CLANG_ANALYZER_NONNULL = YES;
				CLANG_CXX_LANGUAGE_STANDARD = "gnu++0x";
				CLANG_CXX_LIBRARY = "libc++";
				CLANG_ENABLE_MODULES = YES;
				CLANG_ENABLE_OBJC_ARC = YES;
				CLANG_WARN_BOOL_CONVERSION = YES;
				CLANG_WARN_CONSTANT_CONVERSION = YES;
				CLANG_WARN_DIRECT_OBJC_ISA_USAGE = YES_ERROR;
				CLANG_WARN_DOCUMENTATION_COMMENTS = YES;
				CLANG_WARN_EMPTY_BODY = YES;
				CLANG_WARN_ENUM_CONVERSION = YES;
				CLANG_WARN_INFINITE_RECURSION = YES;
				CLANG_WARN_INT_CONVERSION = YES;
				CLANG_WARN_OBJC_ROOT_CLASS = YES_ERROR;
				CLANG_WARN_SUSPICIOUS_MOVE = YES;
				CLANG_WARN_UNREACHABLE_CODE = YES;
				CLANG_WARN__DUPLICATE_METHOD_MATCH = YES;
				"CODE_SIGN_IDENTITY[sdk=iphoneos*]" = "iPhone Developer";
				COPY_PHASE_STRIP = NO;
				DEBUG_INFORMATION_FORMAT = "dwarf-with-dsym";
				ENABLE_NS_ASSERTIONS = NO;
				ENABLE_STRICT_OBJC_MSGSEND = YES;
				GCC_C_LANGUAGE_STANDARD = gnu99;
				GCC_NO_COMMON_BLOCKS = YES;
				GCC_WARN_64_TO_32_BIT_CONVERSION = YES;
				GCC_WARN_ABOUT_RETURN_TYPE = YES_ERROR;
				GCC_WARN_UNDECLARED_SELECTOR = YES;
				GCC_WARN_UNINITIALIZED_AUTOS = YES_AGGRESSIVE;
				GCC_WARN_UNUSED_FUNCTION = YES;
				GCC_WARN_UNUSED_VARIABLE = YES;
				IPHONEOS_DEPLOYMENT_TARGET = 10.2;
				MTL_ENABLE_DEBUG_INFO = NO;
				SDKROOT = iphoneos;
				SWIFT_OPTIMIZATION_LEVEL = "-Owholemodule";
				VALIDATE_PRODUCT = YES;
			};
			name = Release;
		};
		565278281E6C094500C7CA17 /* Debug */ = {
			isa = XCBuildConfiguration;
			baseConfigurationReference = EA6AE795CE27BDA427AE6053 /* Pods-LearningRxSwift.debug.xcconfig */;
			buildSettings = {
				ASSETCATALOG_COMPILER_APPICON_NAME = AppIcon;
				DEVELOPMENT_TEAM = FPXNQTY99F;
				INFOPLIST_FILE = LearningRxSwift/Info.plist;
				IPHONEOS_DEPLOYMENT_TARGET = 9.0;
				LD_RUNPATH_SEARCH_PATHS = "$(inherited) @executable_path/Frameworks";
				PRODUCT_BUNDLE_IDENTIFIER = marian.LearningRxSwift;
				PRODUCT_NAME = "$(TARGET_NAME)";
				SWIFT_VERSION = 3.0;
			};
			name = Debug;
		};
		565278291E6C094500C7CA17 /* Release */ = {
			isa = XCBuildConfiguration;
			baseConfigurationReference = 71D44AEE565CB61A0ED74FA1 /* Pods-LearningRxSwift.release.xcconfig */;
			buildSettings = {
				ASSETCATALOG_COMPILER_APPICON_NAME = AppIcon;
				DEVELOPMENT_TEAM = FPXNQTY99F;
				INFOPLIST_FILE = LearningRxSwift/Info.plist;
				IPHONEOS_DEPLOYMENT_TARGET = 9.0;
				LD_RUNPATH_SEARCH_PATHS = "$(inherited) @executable_path/Frameworks";
				PRODUCT_BUNDLE_IDENTIFIER = marian.LearningRxSwift;
				PRODUCT_NAME = "$(TARGET_NAME)";
				SWIFT_VERSION = 3.0;
			};
			name = Release;
		};
		5652782B1E6C094500C7CA17 /* Debug */ = {
			isa = XCBuildConfiguration;
			baseConfigurationReference = CD4993AFDC7825E90D445CEA /* Pods-LearningRxSwiftTests.debug.xcconfig */;
			buildSettings = {
				ALWAYS_EMBED_SWIFT_STANDARD_LIBRARIES = YES;
				BUNDLE_LOADER = "$(TEST_HOST)";
				DEVELOPMENT_TEAM = ER5UCCR296;
				INFOPLIST_FILE = LearningRxSwiftTests/Info.plist;
				LD_RUNPATH_SEARCH_PATHS = "$(inherited) @executable_path/Frameworks @loader_path/Frameworks";
				PRODUCT_BUNDLE_IDENTIFIER = marian.LearningRxSwiftTests;
				PRODUCT_NAME = "$(TARGET_NAME)";
				SWIFT_VERSION = 3.0;
				TEST_HOST = "$(BUILT_PRODUCTS_DIR)/LearningRxSwift.app/LearningRxSwift";
			};
			name = Debug;
		};
		5652782C1E6C094500C7CA17 /* Release */ = {
			isa = XCBuildConfiguration;
			baseConfigurationReference = F48D4E130C8594526D86E8CA /* Pods-LearningRxSwiftTests.release.xcconfig */;
			buildSettings = {
				ALWAYS_EMBED_SWIFT_STANDARD_LIBRARIES = YES;
				BUNDLE_LOADER = "$(TEST_HOST)";
				DEVELOPMENT_TEAM = ER5UCCR296;
				INFOPLIST_FILE = LearningRxSwiftTests/Info.plist;
				LD_RUNPATH_SEARCH_PATHS = "$(inherited) @executable_path/Frameworks @loader_path/Frameworks";
				PRODUCT_BUNDLE_IDENTIFIER = marian.LearningRxSwiftTests;
				PRODUCT_NAME = "$(TARGET_NAME)";
				SWIFT_VERSION = 3.0;
				TEST_HOST = "$(BUILT_PRODUCTS_DIR)/LearningRxSwift.app/LearningRxSwift";
			};
			name = Release;
		};
		5652782E1E6C094500C7CA17 /* Debug */ = {
			isa = XCBuildConfiguration;
			baseConfigurationReference = 5DA3A626225DDDBA2789A235 /* Pods-LearningRxSwiftUITests.debug.xcconfig */;
			buildSettings = {
				ALWAYS_EMBED_SWIFT_STANDARD_LIBRARIES = YES;
				DEVELOPMENT_TEAM = ER5UCCR296;
				INFOPLIST_FILE = LearningRxSwiftUITests/Info.plist;
				LD_RUNPATH_SEARCH_PATHS = "$(inherited) @executable_path/Frameworks @loader_path/Frameworks";
				PRODUCT_BUNDLE_IDENTIFIER = marian.LearningRxSwiftUITests;
				PRODUCT_NAME = "$(TARGET_NAME)";
				SWIFT_VERSION = 3.0;
				TEST_TARGET_NAME = LearningRxSwift;
			};
			name = Debug;
		};
		5652782F1E6C094500C7CA17 /* Release */ = {
			isa = XCBuildConfiguration;
			baseConfigurationReference = 32607BC6944C0E69A32EDED7 /* Pods-LearningRxSwiftUITests.release.xcconfig */;
			buildSettings = {
				ALWAYS_EMBED_SWIFT_STANDARD_LIBRARIES = YES;
				DEVELOPMENT_TEAM = ER5UCCR296;
				INFOPLIST_FILE = LearningRxSwiftUITests/Info.plist;
				LD_RUNPATH_SEARCH_PATHS = "$(inherited) @executable_path/Frameworks @loader_path/Frameworks";
				PRODUCT_BUNDLE_IDENTIFIER = marian.LearningRxSwiftUITests;
				PRODUCT_NAME = "$(TARGET_NAME)";
				SWIFT_VERSION = 3.0;
				TEST_TARGET_NAME = LearningRxSwift;
			};
			name = Release;
		};
/* End XCBuildConfiguration section */

/* Begin XCConfigurationList section */
		565277FA1E6C094400C7CA17 /* Build configuration list for PBXProject "LearningRxSwift" */ = {
			isa = XCConfigurationList;
			buildConfigurations = (
				565278251E6C094500C7CA17 /* Debug */,
				565278261E6C094500C7CA17 /* Release */,
			);
			defaultConfigurationIsVisible = 0;
			defaultConfigurationName = Release;
		};
		565278271E6C094500C7CA17 /* Build configuration list for PBXNativeTarget "LearningRxSwift" */ = {
			isa = XCConfigurationList;
			buildConfigurations = (
				565278281E6C094500C7CA17 /* Debug */,
				565278291E6C094500C7CA17 /* Release */,
			);
			defaultConfigurationIsVisible = 0;
			defaultConfigurationName = Release;
		};
		5652782A1E6C094500C7CA17 /* Build configuration list for PBXNativeTarget "LearningRxSwiftTests" */ = {
			isa = XCConfigurationList;
			buildConfigurations = (
				5652782B1E6C094500C7CA17 /* Debug */,
				5652782C1E6C094500C7CA17 /* Release */,
			);
			defaultConfigurationIsVisible = 0;
			defaultConfigurationName = Release;
		};
		5652782D1E6C094500C7CA17 /* Build configuration list for PBXNativeTarget "LearningRxSwiftUITests" */ = {
			isa = XCConfigurationList;
			buildConfigurations = (
				5652782E1E6C094500C7CA17 /* Debug */,
				5652782F1E6C094500C7CA17 /* Release */,
			);
			defaultConfigurationIsVisible = 0;
			defaultConfigurationName = Release;
		};
/* End XCConfigurationList section */
	};
	rootObject = 565277F71E6C094400C7CA17 /* Project object */;
}
